
Microsoft Visual Studio Solution File, Format Version 12.00
# Visual Studio Version 17
VisualStudioVersion = 17.0.31903.59
MinimumVisualStudioVersion = 10.0.40219.1
Project("{FAE04EC0-301F-11D3-BF4B-00C04F79EFBC}") = "ExampleProject4.WebApi", "ExampleProject4.WebApi\ExampleProject4.WebApi.csproj", "{1A20BF03-600C-47BB-BBEA-EC98ECF7E282}"
EndProject
Project("{FAE04EC0-301F-11D3-BF4B-00C04F79EFBC}") = "ExampleProject4.Core", "ExampleProject4.Core\ExampleProject4.Core.csproj", "{0F30BA32-7A7A-47D3-B1F1-89F0EFDF4F85}"
EndProject
Project("{FAE04EC0-301F-11D3-BF4B-00C04F79EFBC}") = "ExampleProject4.Infrastructure", "ExampleProject4.Infrastructure\ExampleProject4.Infrastructure.csproj", "{91B33811-4006-48C2-8A3D-5853BDE66466}"
EndProject
Global
	GlobalSection(SolutionConfigurationPlatforms) = preSolution
		Debug|Any CPU = Debug|Any CPU
		Release|Any CPU = Release|Any CPU
	EndGlobalSection
	GlobalSection(ProjectConfigurationPlatforms) = postSolution
		{1A20BF03-600C-47BB-BBEA-EC98ECF7E282}.Debug|Any CPU.ActiveCfg = Debug|Any CPU
		{1A20BF03-600C-47BB-BBEA-EC98ECF7E282}.Debug|Any CPU.Build.0 = Debug|Any CPU
		{1A20BF03-600C-47BB-BBEA-EC98ECF7E282}.Release|Any CPU.ActiveCfg = Release|Any CPU
		{1A20BF03-600C-47BB-BBEA-EC98ECF7E282}.Release|Any CPU.Build.0 = Release|Any CPU
		{0F30BA32-7A7A-47D3-B1F1-89F0EFDF4F85}.Debug|Any CPU.ActiveCfg = Debug|Any CPU
		{0F30BA32-7A7A-47D3-B1F1-89F0EFDF4F85}.Debug|Any CPU.Build.0 = Debug|Any CPU
		{0F30BA32-7A7A-47D3-B1F1-89F0EFDF4F85}.Release|Any CPU.ActiveCfg = Release|Any CPU
		{0F30BA32-7A7A-47D3-B1F1-89F0EFDF4F85}.Release|Any CPU.Build.0 = Release|Any CPU
		{91B33811-4006-48C2-8A3D-5853BDE66466}.Debug|Any CPU.ActiveCfg = Debug|Any CPU
		{91B33811-4006-48C2-8A3D-5853BDE66466}.Debug|Any CPU.Build.0 = Debug|Any CPU
		{91B33811-4006-48C2-8A3D-5853BDE66466}.Release|Any CPU.ActiveCfg = Release|Any CPU
		{91B33811-4006-48C2-8A3D-5853BDE66466}.Release|Any CPU.Build.0 = Release|Any CPU
	EndGlobalSection
	GlobalSection(SolutionProperties) = preSolution
		HideSolutionNode = FALSE
	EndGlobalSection
EndGlobal
